
Microsoft Visual Studio Solution File, Format Version 12.00
# Visual Studio Version 16
VisualStudioVersion = 16.0.28922.388
MinimumVisualStudioVersion = 10.0.40219.1
Project("{FAE04EC0-301F-11D3-BF4B-00C04F79EFBC}") = "ciLayoutDesignCS", "ciLayoutDesign\ciLayoutDesignCS.csproj", "{A3A45502-64AE-40B2-B9A1-3DC1EF382191}"
EndProject
Project("{F184B08F-C81C-45F6-A57F-5ABD9991F28F}") = "ciLayoutDesignVB", "ciLayoutDesignVB\ciLayoutDesignVB.vbproj", "{FB60907F-05CD-474D-967E-831B7BA2D517}"
EndProject
Project("{F184B08F-C81C-45F6-A57F-5ABD9991F28F}") = "ciLayoutPrintLib", "ciLayoutPrintLib\ciLayoutPrintLib.vbproj", "{F8271E6C-5C26-4CEC-BD4C-AD3B10FEF6B9}"
EndProject
Project("{F184B08F-C81C-45F6-A57F-5ABD9991F28F}") = "ciPictures_VB", "..\ciBadgeForWeb\ciPictures_VB\ciPictures_VB.vbproj", "{A5FE9F7B-4075-43C5-892B-01E2CFEC342C}"
EndProject
Project("{FAE04EC0-301F-11D3-BF4B-00C04F79EFBC}") = "MoveAndResizeControls_Monem", "MoveAndResizeControls_Monem\MoveAndResizeControls_Monem.csproj", "{3D6A51A2-395E-467F-A3C4-8D6ED1DA961E}"
EndProject
Project("{F184B08F-C81C-45F6-A57F-5ABD9991F28F}") = "SerializationTesting", "SerializationTesting\SerializationTesting.vbproj", "{819F6F4C-9DCB-4465-8EA7-C039D4ADB2EC}"
EndProject
Project("{F184B08F-C81C-45F6-A57F-5ABD9991F28F}") = "ciBadgeDesktop", "ciBadgeDesktop\ciBadgeDesktop.vbproj", "{52DDC035-5A57-41D9-BA1C-32369B762F4B}"
EndProject
Project("{FAE04EC0-301F-11D3-BF4B-00C04F79EFBC}") = "Zzzzzz", "Zzzzzz\Zzzzzz.csproj", "{6BDDBAD3-9301-46BC-80BD-CF4A6042273B}"
EndProject
Global
	GlobalSection(SolutionConfigurationPlatforms) = preSolution
		Debug|Any CPU = Debug|Any CPU
		Debug|x86 = Debug|x86
		Release|Any CPU = Release|Any CPU
		Release|x86 = Release|x86
	EndGlobalSection
	GlobalSection(ProjectConfigurationPlatforms) = postSolution
		{A3A45502-64AE-40B2-B9A1-3DC1EF382191}.Debug|Any CPU.ActiveCfg = Debug|Any CPU
		{A3A45502-64AE-40B2-B9A1-3DC1EF382191}.Debug|Any CPU.Build.0 = Debug|Any CPU
		{A3A45502-64AE-40B2-B9A1-3DC1EF382191}.Debug|x86.ActiveCfg = Debug|Any CPU
		{A3A45502-64AE-40B2-B9A1-3DC1EF382191}.Debug|x86.Build.0 = Debug|Any CPU
		{A3A45502-64AE-40B2-B9A1-3DC1EF382191}.Release|Any CPU.ActiveCfg = Release|Any CPU
		{A3A45502-64AE-40B2-B9A1-3DC1EF382191}.Release|Any CPU.Build.0 = Release|Any CPU
		{A3A45502-64AE-40B2-B9A1-3DC1EF382191}.Release|x86.ActiveCfg = Release|Any CPU
		{A3A45502-64AE-40B2-B9A1-3DC1EF382191}.Release|x86.Build.0 = Release|Any CPU
		{FB60907F-05CD-474D-967E-831B7BA2D517}.Debug|Any CPU.ActiveCfg = Debug|Any CPU
		{FB60907F-05CD-474D-967E-831B7BA2D517}.Debug|Any CPU.Build.0 = Debug|Any CPU
		{FB60907F-05CD-474D-967E-831B7BA2D517}.Debug|x86.ActiveCfg = Debug|Any CPU
		{FB60907F-05CD-474D-967E-831B7BA2D517}.Debug|x86.Build.0 = Debug|Any CPU
		{FB60907F-05CD-474D-967E-831B7BA2D517}.Release|Any CPU.ActiveCfg = Release|Any CPU
		{FB60907F-05CD-474D-967E-831B7BA2D517}.Release|Any CPU.Build.0 = Release|Any CPU
		{FB60907F-05CD-474D-967E-831B7BA2D517}.Release|x86.ActiveCfg = Release|Any CPU
		{FB60907F-05CD-474D-967E-831B7BA2D517}.Release|x86.Build.0 = Release|Any CPU
		{F8271E6C-5C26-4CEC-BD4C-AD3B10FEF6B9}.Debug|Any CPU.ActiveCfg = Debug|Any CPU
		{F8271E6C-5C26-4CEC-BD4C-AD3B10FEF6B9}.Debug|Any CPU.Build.0 = Debug|Any CPU
		{F8271E6C-5C26-4CEC-BD4C-AD3B10FEF6B9}.Debug|x86.ActiveCfg = Debug|Any CPU
		{F8271E6C-5C26-4CEC-BD4C-AD3B10FEF6B9}.Debug|x86.Build.0 = Debug|Any CPU
		{F8271E6C-5C26-4CEC-BD4C-AD3B10FEF6B9}.Release|Any CPU.ActiveCfg = Release|Any CPU
		{F8271E6C-5C26-4CEC-BD4C-AD3B10FEF6B9}.Release|Any CPU.Build.0 = Release|Any CPU
		{F8271E6C-5C26-4CEC-BD4C-AD3B10FEF6B9}.Release|x86.ActiveCfg = Release|Any CPU
		{F8271E6C-5C26-4CEC-BD4C-AD3B10FEF6B9}.Release|x86.Build.0 = Release|Any CPU
		{A5FE9F7B-4075-43C5-892B-01E2CFEC342C}.Debug|Any CPU.ActiveCfg = Debug|Any CPU
		{A5FE9F7B-4075-43C5-892B-01E2CFEC342C}.Debug|Any CPU.Build.0 = Debug|Any CPU
		{A5FE9F7B-4075-43C5-892B-01E2CFEC342C}.Debug|x86.ActiveCfg = Debug|Any CPU
		{A5FE9F7B-4075-43C5-892B-01E2CFEC342C}.Debug|x86.Build.0 = Debug|Any CPU
		{A5FE9F7B-4075-43C5-892B-01E2CFEC342C}.Release|Any CPU.ActiveCfg = Release|Any CPU
		{A5FE9F7B-4075-43C5-892B-01E2CFEC342C}.Release|Any CPU.Build.0 = Release|Any CPU
		{A5FE9F7B-4075-43C5-892B-01E2CFEC342C}.Release|x86.ActiveCfg = Release|Any CPU
		{A5FE9F7B-4075-43C5-892B-01E2CFEC342C}.Release|x86.Build.0 = Release|Any CPU
		{3D6A51A2-395E-467F-A3C4-8D6ED1DA961E}.Debug|Any CPU.ActiveCfg = Debug|Any CPU
		{3D6A51A2-395E-467F-A3C4-8D6ED1DA961E}.Debug|Any CPU.Build.0 = Debug|Any CPU
		{3D6A51A2-395E-467F-A3C4-8D6ED1DA961E}.Debug|x86.ActiveCfg = Debug|Any CPU
		{3D6A51A2-395E-467F-A3C4-8D6ED1DA961E}.Debug|x86.Build.0 = Debug|Any CPU
		{3D6A51A2-395E-467F-A3C4-8D6ED1DA961E}.Release|Any CPU.ActiveCfg = Release|Any CPU
		{3D6A51A2-395E-467F-A3C4-8D6ED1DA961E}.Release|Any CPU.Build.0 = Release|Any CPU
		{3D6A51A2-395E-467F-A3C4-8D6ED1DA961E}.Release|x86.ActiveCfg = Release|Any CPU
		{3D6A51A2-395E-467F-A3C4-8D6ED1DA961E}.Release|x86.Build.0 = Release|Any CPU
		{819F6F4C-9DCB-4465-8EA7-C039D4ADB2EC}.Debug|Any CPU.ActiveCfg = Debug|Any CPU
		{819F6F4C-9DCB-4465-8EA7-C039D4ADB2EC}.Debug|Any CPU.Build.0 = Debug|Any CPU
		{819F6F4C-9DCB-4465-8EA7-C039D4ADB2EC}.Debug|x86.ActiveCfg = Debug|Any CPU
		{819F6F4C-9DCB-4465-8EA7-C039D4ADB2EC}.Debug|x86.Build.0 = Debug|Any CPU
		{819F6F4C-9DCB-4465-8EA7-C039D4ADB2EC}.Release|Any CPU.ActiveCfg = Release|Any CPU
		{819F6F4C-9DCB-4465-8EA7-C039D4ADB2EC}.Release|Any CPU.Build.0 = Release|Any CPU
		{819F6F4C-9DCB-4465-8EA7-C039D4ADB2EC}.Release|x86.ActiveCfg = Release|Any CPU
		{819F6F4C-9DCB-4465-8EA7-C039D4ADB2EC}.Release|x86.Build.0 = Release|Any CPU
		{52DDC035-5A57-41D9-BA1C-32369B762F4B}.Debug|Any CPU.ActiveCfg = Debug|Any CPU
		{52DDC035-5A57-41D9-BA1C-32369B762F4B}.Debug|Any CPU.Build.0 = Debug|Any CPU
		{52DDC035-5A57-41D9-BA1C-32369B762F4B}.Debug|x86.ActiveCfg = Debug|Any CPU
		{52DDC035-5A57-41D9-BA1C-32369B762F4B}.Debug|x86.Build.0 = Debug|Any CPU
		{52DDC035-5A57-41D9-BA1C-32369B762F4B}.Release|Any CPU.ActiveCfg = Release|Any CPU
		{52DDC035-5A57-41D9-BA1C-32369B762F4B}.Release|Any CPU.Build.0 = Release|Any CPU
		{52DDC035-5A57-41D9-BA1C-32369B762F4B}.Release|x86.ActiveCfg = Release|Any CPU
		{52DDC035-5A57-41D9-BA1C-32369B762F4B}.Release|x86.Build.0 = Release|Any CPU
		{6BDDBAD3-9301-46BC-80BD-CF4A6042273B}.Debug|Any CPU.ActiveCfg = Debug|Any CPU
		{6BDDBAD3-9301-46BC-80BD-CF4A6042273B}.Debug|Any CPU.Build.0 = Debug|Any CPU
		{6BDDBAD3-9301-46BC-80BD-CF4A6042273B}.Debug|x86.ActiveCfg = Debug|Any CPU
		{6BDDBAD3-9301-46BC-80BD-CF4A6042273B}.Debug|x86.Build.0 = Debug|Any CPU
		{6BDDBAD3-9301-46BC-80BD-CF4A6042273B}.Release|Any CPU.ActiveCfg = Release|Any CPU
		{6BDDBAD3-9301-46BC-80BD-CF4A6042273B}.Release|Any CPU.Build.0 = Release|Any CPU
		{6BDDBAD3-9301-46BC-80BD-CF4A6042273B}.Release|x86.ActiveCfg = Release|Any CPU
		{6BDDBAD3-9301-46BC-80BD-CF4A6042273B}.Release|x86.Build.0 = Release|Any CPU
	EndGlobalSection
	GlobalSection(SolutionProperties) = preSolution
		HideSolutionNode = FALSE
	EndGlobalSection
	GlobalSection(ExtensibilityGlobals) = postSolution
		SolutionGuid = {C1240457-262B-4419-B7CC-1F5E337B5336}
	EndGlobalSection
EndGlobal
