
Microsoft Visual Studio Solution File, Format Version 12.00
# Visual Studio Version 17
VisualStudioVersion = 17.1.32228.430
MinimumVisualStudioVersion = 10.0.40219.1
Project("{FAE04EC0-301F-11D3-BF4B-00C04F79EFBC}") = "ciLayoutDesignCS", "ciLayoutDesign\ciLayoutDesignCS.csproj", "{A3A45502-64AE-40B2-B9A1-3DC1EF382191}"
EndProject
Project("{F184B08F-C81C-45F6-A57F-5ABD9991F28F}") = "__RSC ID LayoutDesign", "ciLayoutDesignVB\__RSC ID LayoutDesign.vbproj", "{FB60907F-05CD-474D-967E-831B7BA2D517}"
EndProject
Project("{F184B08F-C81C-45F6-A57F-5ABD9991F28F}") = "ciLayoutPrintLib", "ciLayoutPrintLib\ciLayoutPrintLib.vbproj", "{F8271E6C-5C26-4CEC-BD4C-AD3B10FEF6B9}"
EndProject
Project("{F184B08F-C81C-45F6-A57F-5ABD9991F28F}") = "Can_SerializationTesting", "SerializationTesting\Can_SerializationTesting.vbproj", "{819F6F4C-9DCB-4465-8EA7-C039D4ADB2EC}"
EndProject
Project("{F184B08F-C81C-45F6-A57F-5ABD9991F28F}") = "ciBadgeDesktop", "ciBadgeDesktop\ciBadgeDesktop.vbproj", "{52DDC035-5A57-41D9-BA1C-32369B762F4B}"
EndProject
Project("{FAE04EC0-301F-11D3-BF4B-00C04F79EFBC}") = "Zzzzzz", "Zzzzzz\Zzzzzz.csproj", "{6BDDBAD3-9301-46BC-80BD-CF4A6042273B}"
EndProject
Project("{F184B08F-C81C-45F6-A57F-5ABD9991F28F}") = "ciBadgeInterfaces", "ciBadgeInterfaces\ciBadgeInterfaces.vbproj", "{3D1ACCA6-585E-4C92-9A6D-9A51D2F72F5F}"
EndProject
Project("{F184B08F-C81C-45F6-A57F-5ABD9991F28F}") = "ciBadgeSerialize", "ciBadgeSerialize\ciBadgeSerialize.vbproj", "{59D5B213-E44B-432A-8237-53D91EC9C04A}"
EndProject
Project("{F184B08F-C81C-45F6-A57F-5ABD9991F28F}") = "ciBadgeFields", "ciBadgeFields\ciBadgeFields.vbproj", "{EF9ACEC9-841E-4397-BFCB-917C814C4B8C}"
EndProject
Project("{F184B08F-C81C-45F6-A57F-5ABD9991F28F}") = "ciBadgeElements", "ciBadgeElements\ciBadgeElements.vbproj", "{E7EB43C4-358C-4880-9C9B-206127B57722}"
EndProject
Project("{F184B08F-C81C-45F6-A57F-5ABD9991F28F}") = "ciBadgeElemImage", "ciBadgeElemImage\ciBadgeElemImage.vbproj", "{86B509FC-8C1A-4D30-B431-EF576DE25FC4}"
EndProject
Project("{F184B08F-C81C-45F6-A57F-5ABD9991F28F}") = "ciBadgeLayouts_NoElems", "ciBadgeLayouts\ciBadgeLayouts_NoElems.vbproj", "{BD7FFD67-90BB-4498-9841-6A5186AC2D26}"
EndProject
Project("{F184B08F-C81C-45F6-A57F-5ABD9991F28F}") = "RotateTextTest", "RotateTextTest\RotateTextTest.vbproj", "{2113AA60-46BE-42F5-98B4-A60A99A1F572}"
EndProject
Project("{F184B08F-C81C-45F6-A57F-5ABD9991F28F}") = "ciBadgeRecipients", "ciBadgeRecipients\ciBadgeRecipients.vbproj", "{2F42EFAD-0BAA-4057-A1B8-36412CF0E2C0}"
EndProject
Project("{F184B08F-C81C-45F6-A57F-5ABD9991F28F}") = "ciQRCodes", "..\..\..\Documents\CI Badge (my notes)\CI Libraries (by Rob)\ciPrintManager\ciQRCodes\ciQRCodes.vbproj", "{86381E11-115B-48D9-B289-8AAF851313C9}"
EndProject
Project("{F184B08F-C81C-45F6-A57F-5ABD9991F28F}") = "ciQRCodes_Cfg", "..\..\..\Documents\CI Badge (my notes)\CI Libraries (by Rob)\ciCfg\ciCfg\ciQRCodes_Cfg.vbproj", "{D2B211FE-D531-4FE3-B39C-00CB3D7CBB68}"
EndProject
Project("{F184B08F-C81C-45F6-A57F-5ABD9991F28F}") = "ciBadgeDesigner", "ciBadgeDesigner\ciBadgeDesigner.vbproj", "{3A21A08C-C694-4F11-9838-91FFF99A5D82}"
EndProject
Project("{FAE04EC0-301F-11D3-BF4B-00C04F79EFBC}") = "ciBadgeGeneratorCS", "ciBadgeGenerator\ciBadgeGeneratorCS.csproj", "{2C664F4B-14BA-4F1A-BACC-A6BC6284740E}"
EndProject
Project("{F184B08F-C81C-45F6-A57F-5ABD9991F28F}") = "ciSigPlus_NET45", "..\ciSigPlus\ciSigPlus_NET45.vbproj", "{DDC3F524-3672-4893-B23D-BB462AC673AD}"
EndProject
Project("{F184B08F-C81C-45F6-A57F-5ABD9991F28F}") = "ciBadgeCustomer", "ciBadgeCustomer\ciBadgeCustomer.vbproj", "{02F14561-E867-47EA-9B91-990B0BBB597F}"
EndProject
Project("{FAE04EC0-301F-11D3-BF4B-00C04F79EFBC}") = "ciBadgeRecipientsCS", "ciBadgeRecipientsCS\ciBadgeRecipientsCS.csproj", "{717D4661-8A27-4C1E-A1DD-FDA12010DACA}"
EndProject
Project("{FAE04EC0-301F-11D3-BF4B-00C04F79EFBC}") = "__Start__RSC ID LayoutDesignVB", "__Start__ciLayoutDesignVB\__Start__RSC ID LayoutDesignVB.csproj", "{EADC769E-D8A6-4A79-B6FC-C7C4184C029D}"
EndProject
Project("{9A19103F-16F7-4668-BE54-9A1E7A4F7556}") = "abcBundleBadgeImagesToEmail_Core", "abcBundleBadgeImagesToEmail\abcBundleBadgeImagesToEmail_Core.csproj", "{158A604A-E8DA-4224-B919-FE425BAA2E23}"
EndProject
Project("{F184B08F-C81C-45F6-A57F-5ABD9991F28F}") = "ciBadgeCachePersonalityEtc", "ciBadgeCachingPersonality\ciBadgeCachePersonalityEtc.vbproj", "{4C1B73A0-7C02-4FF4-96F2-ACFA1306CCE4}"
EndProject
Project("{FAE04EC0-301F-11D3-BF4B-00C04F79EFBC}") = "Can_HashSets_Be_Serialized", "Can_HashSets_Be_Serialized\Can_HashSets_Be_Serialized.csproj", "{6A203802-4B73-4C03-B30D-B206CB677945}"
EndProject
Project("{F184B08F-C81C-45F6-A57F-5ABD9991F28F}") = "__RSC ID Web Application", "__RSC ID Web Application\__RSC ID Web Application.vbproj", "{CD8E53D2-B177-494B-AE08-1CEEF98E43D7}"
EndProject
Project("{F184B08F-C81C-45F6-A57F-5ABD9991F28F}") = "__RSC WindowsControlLibrary", "__RSCWindowsControlLibrary\__RSC WindowsControlLibrary.vbproj", "{31515965-90E3-4352-9F01-61141129B29F}"
EndProject
Project("{F184B08F-C81C-45F6-A57F-5ABD9991F28F}") = "__RSC Recipients Editor", "__RSC Recipients Editor\__RSC Recipients Editor.vbproj", "{ADB26AD0-4D6B-4126-8752-6001A2E31575}"
EndProject
Project("{FAE04EC0-301F-11D3-BF4B-00C04F79EFBC}") = "MoveAndResizeControls_Monem", "MoveAndResizeControls_Monem\MoveAndResizeControls_Monem.csproj", "{3D6A51A2-395E-467F-A3C4-8D6ED1DA961E}"
EndProject
Project("{FAE04EC0-301F-11D3-BF4B-00C04F79EFBC}") = "EPS_VectorImagingByAspose", "EPS_ImagingByAspose\EPS_VectorImagingByAspose.csproj", "{5D5F576C-1CED-49E8-93E0-A3E3A2053E9D}"
EndProject
Project("{F184B08F-C81C-45F6-A57F-5ABD9991F28F}") = "ciPictures_VB", "..\abcBadge__Web\ciPictures_VB\ciPictures_VB.vbproj", "{A5FE9F7B-4075-43C5-892B-01E2CFEC342C}"
EndProject
Project("{F184B08F-C81C-45F6-A57F-5ABD9991F28F}") = "Can_Types_Be_Compared_VB", "Can_Types_Be_Compared\Can_Types_Be_Compared_VB.vbproj", "{F034477E-6111-43D0-9D39-5197AD313D27}"
EndProject
Project("{F184B08F-C81C-45F6-A57F-5ABD9991F28F}") = "__RSC Portrait Pictures", "__RSC Portrait Pictures\__RSC Portrait Pictures.vbproj", "{530FB780-9FDF-4864-A96C-A0B7C602EBA3}"
EndProject
Project("{778DAE3C-4631-46EA-AA77-85C1314464D9}") = "Can_A_Control_Exist_In_Two_Forms", "Can_A_Control_Exist_In_Two_Forms\Can_A_Control_Exist_In_Two_Forms.vbproj", "{7125C8A1-E7AC-4CEA-821B-5E4078E41D39}"
EndProject
Project("{778DAE3C-4631-46EA-AA77-85C1314464D9}") = "Can_Draw_LinearGradientBrush2", "Can_Draw_LinearGradientBrush2\Can_Draw_LinearGradientBrush2.vbproj", "{43140447-EDBA-4692-97B5-81D465E66F1F}"
EndProject
Project("{9A19103F-16F7-4668-BE54-9A1E7A4F7556}") = "__RSC_IDRecipients_API_NoAzureAD", "__RSC_IDRecipientsAPI\__RSC_IDRecipients_API_NoAzureAD.csproj", "{6492150A-4845-4B40-A8CA-15E950E0B55D}"
EndProject
Project("{9A19103F-16F7-4668-BE54-9A1E7A4F7556}") = "__RSC_IDRecipients_RESTfulAPI_NoAuth", "__RSC_IDRecipients_RESTfulAPI\__RSC_IDRecipients_RESTfulAPI_NoAuth.csproj", "{4A2C9660-25B6-4D09-BAF6-CD80011669DE}"
EndProject
Project("{9A19103F-16F7-4668-BE54-9A1E7A4F7556}") = "__RSC_IDRecipients_REST_API_AzureAD", "__RSC_IDRecipients_REST_API\__RSC_IDRecipients_REST_API_AzureAD.csproj", "{3039CF79-E206-4E57-AB4B-80E55961553E}"
EndProject
Project("{FAE04EC0-301F-11D3-BF4B-00C04F79EFBC}") = "__RSC Error Logging", "__RSC Error Logging\__RSC Error Logging.csproj", "{5CACE48F-7C22-4325-99E6-00B62C926EE3}"
EndProject
Project("{FAE04EC0-301F-11D3-BF4B-00C04F79EFBC}") = "__RSC SelectElementGraphics", "__RSCElementSelectGraphics\__RSC SelectElementGraphics.csproj", "{11B3FDCF-D55F-4501-A5DC-705D6FDC9C87}"
EndProject
Project("{778DAE3C-4631-46EA-AA77-85C1314464D9}") = "__RSC SelectGraphics Testing", "__RSC SelectGraphics Testing\__RSC SelectGraphics Testing.vbproj", "{A896A08E-8B4F-432D-BF05-1806FACF387E}"
EndProject
Project("{F184B08F-C81C-45F6-A57F-5ABD9991F28F}") = "MoveableControlTestVB", "MoveableControlVB\MoveableControlTestVB.vbproj", "{74050388-F6C4-4E0A-BA5C-ADB0BD403C95}"
EndProject
Project("{778DAE3C-4631-46EA-AA77-85C1314464D9}") = "__RSC WindowsControl_NET70", "__RSC WindowsControl_NET60\__RSC WindowsControl_NET70.vbproj", "{295B624E-4223-443A-A361-89E29177F53E}"
EndProject
Project("{9A19103F-16F7-4668-BE54-9A1E7A4F7556}") = "MoveAndResize_Monem_NET70", "MoveAndResize_Monem_NET60\MoveAndResize_Monem_NET70.csproj", "{BD2147C1-3908-4D98-AA38-9CF8F1675909}"
EndProject
Global
	GlobalSection(SolutionConfigurationPlatforms) = preSolution
		Debug|Any CPU = Debug|Any CPU
		Debug|x86 = Debug|x86
		Release|Any CPU = Release|Any CPU
		Release|x86 = Release|x86
	EndGlobalSection
	GlobalSection(ProjectConfigurationPlatforms) = postSolution
		{A3A45502-64AE-40B2-B9A1-3DC1EF382191}.Debug|Any CPU.ActiveCfg = Debug|Any CPU
		{A3A45502-64AE-40B2-B9A1-3DC1EF382191}.Debug|Any CPU.Build.0 = Debug|Any CPU
		{A3A45502-64AE-40B2-B9A1-3DC1EF382191}.Debug|x86.ActiveCfg = Debug|Any CPU
		{A3A45502-64AE-40B2-B9A1-3DC1EF382191}.Debug|x86.Build.0 = Debug|Any CPU
		{A3A45502-64AE-40B2-B9A1-3DC1EF382191}.Release|Any CPU.ActiveCfg = Release|Any CPU
		{A3A45502-64AE-40B2-B9A1-3DC1EF382191}.Release|Any CPU.Build.0 = Release|Any CPU
		{A3A45502-64AE-40B2-B9A1-3DC1EF382191}.Release|x86.ActiveCfg = Release|Any CPU
		{A3A45502-64AE-40B2-B9A1-3DC1EF382191}.Release|x86.Build.0 = Release|Any CPU
		{FB60907F-05CD-474D-967E-831B7BA2D517}.Debug|Any CPU.ActiveCfg = Debug|Any CPU
		{FB60907F-05CD-474D-967E-831B7BA2D517}.Debug|Any CPU.Build.0 = Debug|Any CPU
		{FB60907F-05CD-474D-967E-831B7BA2D517}.Debug|x86.ActiveCfg = Debug|Any CPU
		{FB60907F-05CD-474D-967E-831B7BA2D517}.Debug|x86.Build.0 = Debug|Any CPU
		{FB60907F-05CD-474D-967E-831B7BA2D517}.Release|Any CPU.ActiveCfg = Release|Any CPU
		{FB60907F-05CD-474D-967E-831B7BA2D517}.Release|Any CPU.Build.0 = Release|Any CPU
		{FB60907F-05CD-474D-967E-831B7BA2D517}.Release|x86.ActiveCfg = Release|Any CPU
		{FB60907F-05CD-474D-967E-831B7BA2D517}.Release|x86.Build.0 = Release|Any CPU
		{F8271E6C-5C26-4CEC-BD4C-AD3B10FEF6B9}.Debug|Any CPU.ActiveCfg = Debug|Any CPU
		{F8271E6C-5C26-4CEC-BD4C-AD3B10FEF6B9}.Debug|Any CPU.Build.0 = Debug|Any CPU
		{F8271E6C-5C26-4CEC-BD4C-AD3B10FEF6B9}.Debug|x86.ActiveCfg = Debug|Any CPU
		{F8271E6C-5C26-4CEC-BD4C-AD3B10FEF6B9}.Debug|x86.Build.0 = Debug|Any CPU
		{F8271E6C-5C26-4CEC-BD4C-AD3B10FEF6B9}.Release|Any CPU.ActiveCfg = Release|Any CPU
		{F8271E6C-5C26-4CEC-BD4C-AD3B10FEF6B9}.Release|Any CPU.Build.0 = Release|Any CPU
		{F8271E6C-5C26-4CEC-BD4C-AD3B10FEF6B9}.Release|x86.ActiveCfg = Release|Any CPU
		{F8271E6C-5C26-4CEC-BD4C-AD3B10FEF6B9}.Release|x86.Build.0 = Release|Any CPU
		{819F6F4C-9DCB-4465-8EA7-C039D4ADB2EC}.Debug|Any CPU.ActiveCfg = Debug|Any CPU
		{819F6F4C-9DCB-4465-8EA7-C039D4ADB2EC}.Debug|Any CPU.Build.0 = Debug|Any CPU
		{819F6F4C-9DCB-4465-8EA7-C039D4ADB2EC}.Debug|x86.ActiveCfg = Debug|Any CPU
		{819F6F4C-9DCB-4465-8EA7-C039D4ADB2EC}.Debug|x86.Build.0 = Debug|Any CPU
		{819F6F4C-9DCB-4465-8EA7-C039D4ADB2EC}.Release|Any CPU.ActiveCfg = Release|Any CPU
		{819F6F4C-9DCB-4465-8EA7-C039D4ADB2EC}.Release|Any CPU.Build.0 = Release|Any CPU
		{819F6F4C-9DCB-4465-8EA7-C039D4ADB2EC}.Release|x86.ActiveCfg = Release|Any CPU
		{819F6F4C-9DCB-4465-8EA7-C039D4ADB2EC}.Release|x86.Build.0 = Release|Any CPU
		{52DDC035-5A57-41D9-BA1C-32369B762F4B}.Debug|Any CPU.ActiveCfg = Debug|Any CPU
		{52DDC035-5A57-41D9-BA1C-32369B762F4B}.Debug|Any CPU.Build.0 = Debug|Any CPU
		{52DDC035-5A57-41D9-BA1C-32369B762F4B}.Debug|x86.ActiveCfg = Debug|Any CPU
		{52DDC035-5A57-41D9-BA1C-32369B762F4B}.Debug|x86.Build.0 = Debug|Any CPU
		{52DDC035-5A57-41D9-BA1C-32369B762F4B}.Release|Any CPU.ActiveCfg = Release|Any CPU
		{52DDC035-5A57-41D9-BA1C-32369B762F4B}.Release|Any CPU.Build.0 = Release|Any CPU
		{52DDC035-5A57-41D9-BA1C-32369B762F4B}.Release|x86.ActiveCfg = Release|Any CPU
		{52DDC035-5A57-41D9-BA1C-32369B762F4B}.Release|x86.Build.0 = Release|Any CPU
		{6BDDBAD3-9301-46BC-80BD-CF4A6042273B}.Debug|Any CPU.ActiveCfg = Debug|Any CPU
		{6BDDBAD3-9301-46BC-80BD-CF4A6042273B}.Debug|Any CPU.Build.0 = Debug|Any CPU
		{6BDDBAD3-9301-46BC-80BD-CF4A6042273B}.Debug|x86.ActiveCfg = Debug|Any CPU
		{6BDDBAD3-9301-46BC-80BD-CF4A6042273B}.Debug|x86.Build.0 = Debug|Any CPU
		{6BDDBAD3-9301-46BC-80BD-CF4A6042273B}.Release|Any CPU.ActiveCfg = Release|Any CPU
		{6BDDBAD3-9301-46BC-80BD-CF4A6042273B}.Release|Any CPU.Build.0 = Release|Any CPU
		{6BDDBAD3-9301-46BC-80BD-CF4A6042273B}.Release|x86.ActiveCfg = Release|Any CPU
		{6BDDBAD3-9301-46BC-80BD-CF4A6042273B}.Release|x86.Build.0 = Release|Any CPU
		{3D1ACCA6-585E-4C92-9A6D-9A51D2F72F5F}.Debug|Any CPU.ActiveCfg = Debug|Any CPU
		{3D1ACCA6-585E-4C92-9A6D-9A51D2F72F5F}.Debug|Any CPU.Build.0 = Debug|Any CPU
		{3D1ACCA6-585E-4C92-9A6D-9A51D2F72F5F}.Debug|x86.ActiveCfg = Debug|Any CPU
		{3D1ACCA6-585E-4C92-9A6D-9A51D2F72F5F}.Debug|x86.Build.0 = Debug|Any CPU
		{3D1ACCA6-585E-4C92-9A6D-9A51D2F72F5F}.Release|Any CPU.ActiveCfg = Release|Any CPU
		{3D1ACCA6-585E-4C92-9A6D-9A51D2F72F5F}.Release|Any CPU.Build.0 = Release|Any CPU
		{3D1ACCA6-585E-4C92-9A6D-9A51D2F72F5F}.Release|x86.ActiveCfg = Release|Any CPU
		{3D1ACCA6-585E-4C92-9A6D-9A51D2F72F5F}.Release|x86.Build.0 = Release|Any CPU
		{59D5B213-E44B-432A-8237-53D91EC9C04A}.Debug|Any CPU.ActiveCfg = Debug|Any CPU
		{59D5B213-E44B-432A-8237-53D91EC9C04A}.Debug|Any CPU.Build.0 = Debug|Any CPU
		{59D5B213-E44B-432A-8237-53D91EC9C04A}.Debug|x86.ActiveCfg = Debug|Any CPU
		{59D5B213-E44B-432A-8237-53D91EC9C04A}.Debug|x86.Build.0 = Debug|Any CPU
		{59D5B213-E44B-432A-8237-53D91EC9C04A}.Release|Any CPU.ActiveCfg = Release|Any CPU
		{59D5B213-E44B-432A-8237-53D91EC9C04A}.Release|Any CPU.Build.0 = Release|Any CPU
		{59D5B213-E44B-432A-8237-53D91EC9C04A}.Release|x86.ActiveCfg = Release|Any CPU
		{59D5B213-E44B-432A-8237-53D91EC9C04A}.Release|x86.Build.0 = Release|Any CPU
		{EF9ACEC9-841E-4397-BFCB-917C814C4B8C}.Debug|Any CPU.ActiveCfg = Debug|Any CPU
		{EF9ACEC9-841E-4397-BFCB-917C814C4B8C}.Debug|Any CPU.Build.0 = Debug|Any CPU
		{EF9ACEC9-841E-4397-BFCB-917C814C4B8C}.Debug|x86.ActiveCfg = Debug|Any CPU
		{EF9ACEC9-841E-4397-BFCB-917C814C4B8C}.Debug|x86.Build.0 = Debug|Any CPU
		{EF9ACEC9-841E-4397-BFCB-917C814C4B8C}.Release|Any CPU.ActiveCfg = Release|Any CPU
		{EF9ACEC9-841E-4397-BFCB-917C814C4B8C}.Release|Any CPU.Build.0 = Release|Any CPU
		{EF9ACEC9-841E-4397-BFCB-917C814C4B8C}.Release|x86.ActiveCfg = Release|Any CPU
		{EF9ACEC9-841E-4397-BFCB-917C814C4B8C}.Release|x86.Build.0 = Release|Any CPU
		{E7EB43C4-358C-4880-9C9B-206127B57722}.Debug|Any CPU.ActiveCfg = Debug|Any CPU
		{E7EB43C4-358C-4880-9C9B-206127B57722}.Debug|Any CPU.Build.0 = Debug|Any CPU
		{E7EB43C4-358C-4880-9C9B-206127B57722}.Debug|x86.ActiveCfg = Debug|Any CPU
		{E7EB43C4-358C-4880-9C9B-206127B57722}.Debug|x86.Build.0 = Debug|Any CPU
		{E7EB43C4-358C-4880-9C9B-206127B57722}.Release|Any CPU.ActiveCfg = Release|Any CPU
		{E7EB43C4-358C-4880-9C9B-206127B57722}.Release|Any CPU.Build.0 = Release|Any CPU
		{E7EB43C4-358C-4880-9C9B-206127B57722}.Release|x86.ActiveCfg = Release|Any CPU
		{E7EB43C4-358C-4880-9C9B-206127B57722}.Release|x86.Build.0 = Release|Any CPU
		{86B509FC-8C1A-4D30-B431-EF576DE25FC4}.Debug|Any CPU.ActiveCfg = Debug|Any CPU
		{86B509FC-8C1A-4D30-B431-EF576DE25FC4}.Debug|Any CPU.Build.0 = Debug|Any CPU
		{86B509FC-8C1A-4D30-B431-EF576DE25FC4}.Debug|x86.ActiveCfg = Debug|Any CPU
		{86B509FC-8C1A-4D30-B431-EF576DE25FC4}.Debug|x86.Build.0 = Debug|Any CPU
		{86B509FC-8C1A-4D30-B431-EF576DE25FC4}.Release|Any CPU.ActiveCfg = Release|Any CPU
		{86B509FC-8C1A-4D30-B431-EF576DE25FC4}.Release|Any CPU.Build.0 = Release|Any CPU
		{86B509FC-8C1A-4D30-B431-EF576DE25FC4}.Release|x86.ActiveCfg = Release|Any CPU
		{86B509FC-8C1A-4D30-B431-EF576DE25FC4}.Release|x86.Build.0 = Release|Any CPU
		{BD7FFD67-90BB-4498-9841-6A5186AC2D26}.Debug|Any CPU.ActiveCfg = Debug|Any CPU
		{BD7FFD67-90BB-4498-9841-6A5186AC2D26}.Debug|Any CPU.Build.0 = Debug|Any CPU
		{BD7FFD67-90BB-4498-9841-6A5186AC2D26}.Debug|x86.ActiveCfg = Debug|Any CPU
		{BD7FFD67-90BB-4498-9841-6A5186AC2D26}.Debug|x86.Build.0 = Debug|Any CPU
		{BD7FFD67-90BB-4498-9841-6A5186AC2D26}.Release|Any CPU.ActiveCfg = Release|Any CPU
		{BD7FFD67-90BB-4498-9841-6A5186AC2D26}.Release|Any CPU.Build.0 = Release|Any CPU
		{BD7FFD67-90BB-4498-9841-6A5186AC2D26}.Release|x86.ActiveCfg = Release|Any CPU
		{BD7FFD67-90BB-4498-9841-6A5186AC2D26}.Release|x86.Build.0 = Release|Any CPU
		{2113AA60-46BE-42F5-98B4-A60A99A1F572}.Debug|Any CPU.ActiveCfg = Debug|Any CPU
		{2113AA60-46BE-42F5-98B4-A60A99A1F572}.Debug|Any CPU.Build.0 = Debug|Any CPU
		{2113AA60-46BE-42F5-98B4-A60A99A1F572}.Debug|x86.ActiveCfg = Debug|Any CPU
		{2113AA60-46BE-42F5-98B4-A60A99A1F572}.Debug|x86.Build.0 = Debug|Any CPU
		{2113AA60-46BE-42F5-98B4-A60A99A1F572}.Release|Any CPU.ActiveCfg = Release|Any CPU
		{2113AA60-46BE-42F5-98B4-A60A99A1F572}.Release|Any CPU.Build.0 = Release|Any CPU
		{2113AA60-46BE-42F5-98B4-A60A99A1F572}.Release|x86.ActiveCfg = Release|Any CPU
		{2113AA60-46BE-42F5-98B4-A60A99A1F572}.Release|x86.Build.0 = Release|Any CPU
		{2F42EFAD-0BAA-4057-A1B8-36412CF0E2C0}.Debug|Any CPU.ActiveCfg = Debug|Any CPU
		{2F42EFAD-0BAA-4057-A1B8-36412CF0E2C0}.Debug|Any CPU.Build.0 = Debug|Any CPU
		{2F42EFAD-0BAA-4057-A1B8-36412CF0E2C0}.Debug|x86.ActiveCfg = Debug|Any CPU
		{2F42EFAD-0BAA-4057-A1B8-36412CF0E2C0}.Debug|x86.Build.0 = Debug|Any CPU
		{2F42EFAD-0BAA-4057-A1B8-36412CF0E2C0}.Release|Any CPU.ActiveCfg = Release|Any CPU
		{2F42EFAD-0BAA-4057-A1B8-36412CF0E2C0}.Release|Any CPU.Build.0 = Release|Any CPU
		{2F42EFAD-0BAA-4057-A1B8-36412CF0E2C0}.Release|x86.ActiveCfg = Release|Any CPU
		{2F42EFAD-0BAA-4057-A1B8-36412CF0E2C0}.Release|x86.Build.0 = Release|Any CPU
		{86381E11-115B-48D9-B289-8AAF851313C9}.Debug|Any CPU.ActiveCfg = Debug|Any CPU
		{86381E11-115B-48D9-B289-8AAF851313C9}.Debug|Any CPU.Build.0 = Debug|Any CPU
		{86381E11-115B-48D9-B289-8AAF851313C9}.Debug|x86.ActiveCfg = Debug|Any CPU
		{86381E11-115B-48D9-B289-8AAF851313C9}.Debug|x86.Build.0 = Debug|Any CPU
		{86381E11-115B-48D9-B289-8AAF851313C9}.Release|Any CPU.ActiveCfg = Release|Any CPU
		{86381E11-115B-48D9-B289-8AAF851313C9}.Release|Any CPU.Build.0 = Release|Any CPU
		{86381E11-115B-48D9-B289-8AAF851313C9}.Release|x86.ActiveCfg = Release|Any CPU
		{86381E11-115B-48D9-B289-8AAF851313C9}.Release|x86.Build.0 = Release|Any CPU
		{D2B211FE-D531-4FE3-B39C-00CB3D7CBB68}.Debug|Any CPU.ActiveCfg = Debug|Any CPU
		{D2B211FE-D531-4FE3-B39C-00CB3D7CBB68}.Debug|Any CPU.Build.0 = Debug|Any CPU
		{D2B211FE-D531-4FE3-B39C-00CB3D7CBB68}.Debug|x86.ActiveCfg = Debug|Any CPU
		{D2B211FE-D531-4FE3-B39C-00CB3D7CBB68}.Debug|x86.Build.0 = Debug|Any CPU
		{D2B211FE-D531-4FE3-B39C-00CB3D7CBB68}.Release|Any CPU.ActiveCfg = Release|Any CPU
		{D2B211FE-D531-4FE3-B39C-00CB3D7CBB68}.Release|Any CPU.Build.0 = Release|Any CPU
		{D2B211FE-D531-4FE3-B39C-00CB3D7CBB68}.Release|x86.ActiveCfg = Release|Any CPU
		{D2B211FE-D531-4FE3-B39C-00CB3D7CBB68}.Release|x86.Build.0 = Release|Any CPU
		{3A21A08C-C694-4F11-9838-91FFF99A5D82}.Debug|Any CPU.ActiveCfg = Debug|Any CPU
		{3A21A08C-C694-4F11-9838-91FFF99A5D82}.Debug|Any CPU.Build.0 = Debug|Any CPU
		{3A21A08C-C694-4F11-9838-91FFF99A5D82}.Debug|x86.ActiveCfg = Debug|Any CPU
		{3A21A08C-C694-4F11-9838-91FFF99A5D82}.Debug|x86.Build.0 = Debug|Any CPU
		{3A21A08C-C694-4F11-9838-91FFF99A5D82}.Release|Any CPU.ActiveCfg = Release|Any CPU
		{3A21A08C-C694-4F11-9838-91FFF99A5D82}.Release|Any CPU.Build.0 = Release|Any CPU
		{3A21A08C-C694-4F11-9838-91FFF99A5D82}.Release|x86.ActiveCfg = Release|Any CPU
		{3A21A08C-C694-4F11-9838-91FFF99A5D82}.Release|x86.Build.0 = Release|Any CPU
		{2C664F4B-14BA-4F1A-BACC-A6BC6284740E}.Debug|Any CPU.ActiveCfg = Debug|Any CPU
		{2C664F4B-14BA-4F1A-BACC-A6BC6284740E}.Debug|Any CPU.Build.0 = Debug|Any CPU
		{2C664F4B-14BA-4F1A-BACC-A6BC6284740E}.Debug|x86.ActiveCfg = Debug|Any CPU
		{2C664F4B-14BA-4F1A-BACC-A6BC6284740E}.Debug|x86.Build.0 = Debug|Any CPU
		{2C664F4B-14BA-4F1A-BACC-A6BC6284740E}.Release|Any CPU.ActiveCfg = Release|Any CPU
		{2C664F4B-14BA-4F1A-BACC-A6BC6284740E}.Release|Any CPU.Build.0 = Release|Any CPU
		{2C664F4B-14BA-4F1A-BACC-A6BC6284740E}.Release|x86.ActiveCfg = Release|Any CPU
		{2C664F4B-14BA-4F1A-BACC-A6BC6284740E}.Release|x86.Build.0 = Release|Any CPU
		{DDC3F524-3672-4893-B23D-BB462AC673AD}.Debug|Any CPU.ActiveCfg = Debug|Any CPU
		{DDC3F524-3672-4893-B23D-BB462AC673AD}.Debug|Any CPU.Build.0 = Debug|Any CPU
		{DDC3F524-3672-4893-B23D-BB462AC673AD}.Debug|x86.ActiveCfg = Debug|Any CPU
		{DDC3F524-3672-4893-B23D-BB462AC673AD}.Debug|x86.Build.0 = Debug|Any CPU
		{DDC3F524-3672-4893-B23D-BB462AC673AD}.Release|Any CPU.ActiveCfg = Release|Any CPU
		{DDC3F524-3672-4893-B23D-BB462AC673AD}.Release|Any CPU.Build.0 = Release|Any CPU
		{DDC3F524-3672-4893-B23D-BB462AC673AD}.Release|x86.ActiveCfg = Release|Any CPU
		{DDC3F524-3672-4893-B23D-BB462AC673AD}.Release|x86.Build.0 = Release|Any CPU
		{02F14561-E867-47EA-9B91-990B0BBB597F}.Debug|Any CPU.ActiveCfg = Debug|Any CPU
		{02F14561-E867-47EA-9B91-990B0BBB597F}.Debug|Any CPU.Build.0 = Debug|Any CPU
		{02F14561-E867-47EA-9B91-990B0BBB597F}.Debug|x86.ActiveCfg = Debug|Any CPU
		{02F14561-E867-47EA-9B91-990B0BBB597F}.Debug|x86.Build.0 = Debug|Any CPU
		{02F14561-E867-47EA-9B91-990B0BBB597F}.Release|Any CPU.ActiveCfg = Release|Any CPU
		{02F14561-E867-47EA-9B91-990B0BBB597F}.Release|Any CPU.Build.0 = Release|Any CPU
		{02F14561-E867-47EA-9B91-990B0BBB597F}.Release|x86.ActiveCfg = Release|Any CPU
		{02F14561-E867-47EA-9B91-990B0BBB597F}.Release|x86.Build.0 = Release|Any CPU
		{717D4661-8A27-4C1E-A1DD-FDA12010DACA}.Debug|Any CPU.ActiveCfg = Debug|Any CPU
		{717D4661-8A27-4C1E-A1DD-FDA12010DACA}.Debug|Any CPU.Build.0 = Debug|Any CPU
		{717D4661-8A27-4C1E-A1DD-FDA12010DACA}.Debug|x86.ActiveCfg = Debug|Any CPU
		{717D4661-8A27-4C1E-A1DD-FDA12010DACA}.Debug|x86.Build.0 = Debug|Any CPU
		{717D4661-8A27-4C1E-A1DD-FDA12010DACA}.Release|Any CPU.ActiveCfg = Release|Any CPU
		{717D4661-8A27-4C1E-A1DD-FDA12010DACA}.Release|Any CPU.Build.0 = Release|Any CPU
		{717D4661-8A27-4C1E-A1DD-FDA12010DACA}.Release|x86.ActiveCfg = Release|Any CPU
		{717D4661-8A27-4C1E-A1DD-FDA12010DACA}.Release|x86.Build.0 = Release|Any CPU
		{EADC769E-D8A6-4A79-B6FC-C7C4184C029D}.Debug|Any CPU.ActiveCfg = Debug|Any CPU
		{EADC769E-D8A6-4A79-B6FC-C7C4184C029D}.Debug|Any CPU.Build.0 = Debug|Any CPU
		{EADC769E-D8A6-4A79-B6FC-C7C4184C029D}.Debug|x86.ActiveCfg = Debug|Any CPU
		{EADC769E-D8A6-4A79-B6FC-C7C4184C029D}.Debug|x86.Build.0 = Debug|Any CPU
		{EADC769E-D8A6-4A79-B6FC-C7C4184C029D}.Release|Any CPU.ActiveCfg = Release|Any CPU
		{EADC769E-D8A6-4A79-B6FC-C7C4184C029D}.Release|Any CPU.Build.0 = Release|Any CPU
		{EADC769E-D8A6-4A79-B6FC-C7C4184C029D}.Release|x86.ActiveCfg = Release|Any CPU
		{EADC769E-D8A6-4A79-B6FC-C7C4184C029D}.Release|x86.Build.0 = Release|Any CPU
		{158A604A-E8DA-4224-B919-FE425BAA2E23}.Debug|Any CPU.ActiveCfg = Debug|Any CPU
		{158A604A-E8DA-4224-B919-FE425BAA2E23}.Debug|Any CPU.Build.0 = Debug|Any CPU
		{158A604A-E8DA-4224-B919-FE425BAA2E23}.Debug|x86.ActiveCfg = Debug|Any CPU
		{158A604A-E8DA-4224-B919-FE425BAA2E23}.Debug|x86.Build.0 = Debug|Any CPU
		{158A604A-E8DA-4224-B919-FE425BAA2E23}.Release|Any CPU.ActiveCfg = Release|Any CPU
		{158A604A-E8DA-4224-B919-FE425BAA2E23}.Release|Any CPU.Build.0 = Release|Any CPU
		{158A604A-E8DA-4224-B919-FE425BAA2E23}.Release|x86.ActiveCfg = Release|Any CPU
		{158A604A-E8DA-4224-B919-FE425BAA2E23}.Release|x86.Build.0 = Release|Any CPU
		{4C1B73A0-7C02-4FF4-96F2-ACFA1306CCE4}.Debug|Any CPU.ActiveCfg = Debug|Any CPU
		{4C1B73A0-7C02-4FF4-96F2-ACFA1306CCE4}.Debug|Any CPU.Build.0 = Debug|Any CPU
		{4C1B73A0-7C02-4FF4-96F2-ACFA1306CCE4}.Debug|x86.ActiveCfg = Debug|Any CPU
		{4C1B73A0-7C02-4FF4-96F2-ACFA1306CCE4}.Debug|x86.Build.0 = Debug|Any CPU
		{4C1B73A0-7C02-4FF4-96F2-ACFA1306CCE4}.Release|Any CPU.ActiveCfg = Release|Any CPU
		{4C1B73A0-7C02-4FF4-96F2-ACFA1306CCE4}.Release|Any CPU.Build.0 = Release|Any CPU
		{4C1B73A0-7C02-4FF4-96F2-ACFA1306CCE4}.Release|x86.ActiveCfg = Release|Any CPU
		{4C1B73A0-7C02-4FF4-96F2-ACFA1306CCE4}.Release|x86.Build.0 = Release|Any CPU
		{6A203802-4B73-4C03-B30D-B206CB677945}.Debug|Any CPU.ActiveCfg = Debug|Any CPU
		{6A203802-4B73-4C03-B30D-B206CB677945}.Debug|Any CPU.Build.0 = Debug|Any CPU
		{6A203802-4B73-4C03-B30D-B206CB677945}.Debug|x86.ActiveCfg = Debug|Any CPU
		{6A203802-4B73-4C03-B30D-B206CB677945}.Debug|x86.Build.0 = Debug|Any CPU
		{6A203802-4B73-4C03-B30D-B206CB677945}.Release|Any CPU.ActiveCfg = Release|Any CPU
		{6A203802-4B73-4C03-B30D-B206CB677945}.Release|Any CPU.Build.0 = Release|Any CPU
		{6A203802-4B73-4C03-B30D-B206CB677945}.Release|x86.ActiveCfg = Release|Any CPU
		{6A203802-4B73-4C03-B30D-B206CB677945}.Release|x86.Build.0 = Release|Any CPU
		{CD8E53D2-B177-494B-AE08-1CEEF98E43D7}.Debug|Any CPU.ActiveCfg = Debug|Any CPU
		{CD8E53D2-B177-494B-AE08-1CEEF98E43D7}.Debug|Any CPU.Build.0 = Debug|Any CPU
		{CD8E53D2-B177-494B-AE08-1CEEF98E43D7}.Debug|x86.ActiveCfg = Debug|Any CPU
		{CD8E53D2-B177-494B-AE08-1CEEF98E43D7}.Debug|x86.Build.0 = Debug|Any CPU
		{CD8E53D2-B177-494B-AE08-1CEEF98E43D7}.Release|Any CPU.ActiveCfg = Release|Any CPU
		{CD8E53D2-B177-494B-AE08-1CEEF98E43D7}.Release|Any CPU.Build.0 = Release|Any CPU
		{CD8E53D2-B177-494B-AE08-1CEEF98E43D7}.Release|x86.ActiveCfg = Release|Any CPU
		{CD8E53D2-B177-494B-AE08-1CEEF98E43D7}.Release|x86.Build.0 = Release|Any CPU
		{31515965-90E3-4352-9F01-61141129B29F}.Debug|Any CPU.ActiveCfg = Debug|Any CPU
		{31515965-90E3-4352-9F01-61141129B29F}.Debug|Any CPU.Build.0 = Debug|Any CPU
		{31515965-90E3-4352-9F01-61141129B29F}.Debug|x86.ActiveCfg = Debug|Any CPU
		{31515965-90E3-4352-9F01-61141129B29F}.Debug|x86.Build.0 = Debug|Any CPU
		{31515965-90E3-4352-9F01-61141129B29F}.Release|Any CPU.ActiveCfg = Release|Any CPU
		{31515965-90E3-4352-9F01-61141129B29F}.Release|Any CPU.Build.0 = Release|Any CPU
		{31515965-90E3-4352-9F01-61141129B29F}.Release|x86.ActiveCfg = Release|Any CPU
		{31515965-90E3-4352-9F01-61141129B29F}.Release|x86.Build.0 = Release|Any CPU
		{ADB26AD0-4D6B-4126-8752-6001A2E31575}.Debug|Any CPU.ActiveCfg = Debug|Any CPU
		{ADB26AD0-4D6B-4126-8752-6001A2E31575}.Debug|Any CPU.Build.0 = Debug|Any CPU
		{ADB26AD0-4D6B-4126-8752-6001A2E31575}.Debug|x86.ActiveCfg = Debug|Any CPU
		{ADB26AD0-4D6B-4126-8752-6001A2E31575}.Debug|x86.Build.0 = Debug|Any CPU
		{ADB26AD0-4D6B-4126-8752-6001A2E31575}.Release|Any CPU.ActiveCfg = Release|Any CPU
		{ADB26AD0-4D6B-4126-8752-6001A2E31575}.Release|Any CPU.Build.0 = Release|Any CPU
		{ADB26AD0-4D6B-4126-8752-6001A2E31575}.Release|x86.ActiveCfg = Release|Any CPU
		{ADB26AD0-4D6B-4126-8752-6001A2E31575}.Release|x86.Build.0 = Release|Any CPU
		{3D6A51A2-395E-467F-A3C4-8D6ED1DA961E}.Debug|Any CPU.ActiveCfg = Debug|Any CPU
		{3D6A51A2-395E-467F-A3C4-8D6ED1DA961E}.Debug|Any CPU.Build.0 = Debug|Any CPU
		{3D6A51A2-395E-467F-A3C4-8D6ED1DA961E}.Debug|x86.ActiveCfg = Debug|Any CPU
		{3D6A51A2-395E-467F-A3C4-8D6ED1DA961E}.Debug|x86.Build.0 = Debug|Any CPU
		{3D6A51A2-395E-467F-A3C4-8D6ED1DA961E}.Release|Any CPU.ActiveCfg = Release|Any CPU
		{3D6A51A2-395E-467F-A3C4-8D6ED1DA961E}.Release|Any CPU.Build.0 = Release|Any CPU
		{3D6A51A2-395E-467F-A3C4-8D6ED1DA961E}.Release|x86.ActiveCfg = Release|Any CPU
		{3D6A51A2-395E-467F-A3C4-8D6ED1DA961E}.Release|x86.Build.0 = Release|Any CPU
		{5D5F576C-1CED-49E8-93E0-A3E3A2053E9D}.Debug|Any CPU.ActiveCfg = Debug|Any CPU
		{5D5F576C-1CED-49E8-93E0-A3E3A2053E9D}.Debug|Any CPU.Build.0 = Debug|Any CPU
		{5D5F576C-1CED-49E8-93E0-A3E3A2053E9D}.Debug|x86.ActiveCfg = Debug|Any CPU
		{5D5F576C-1CED-49E8-93E0-A3E3A2053E9D}.Debug|x86.Build.0 = Debug|Any CPU
		{5D5F576C-1CED-49E8-93E0-A3E3A2053E9D}.Release|Any CPU.ActiveCfg = Release|Any CPU
		{5D5F576C-1CED-49E8-93E0-A3E3A2053E9D}.Release|Any CPU.Build.0 = Release|Any CPU
		{5D5F576C-1CED-49E8-93E0-A3E3A2053E9D}.Release|x86.ActiveCfg = Release|Any CPU
		{5D5F576C-1CED-49E8-93E0-A3E3A2053E9D}.Release|x86.Build.0 = Release|Any CPU
		{A5FE9F7B-4075-43C5-892B-01E2CFEC342C}.Debug|Any CPU.ActiveCfg = Debug|Any CPU
		{A5FE9F7B-4075-43C5-892B-01E2CFEC342C}.Debug|Any CPU.Build.0 = Debug|Any CPU
		{A5FE9F7B-4075-43C5-892B-01E2CFEC342C}.Debug|x86.ActiveCfg = Debug|Any CPU
		{A5FE9F7B-4075-43C5-892B-01E2CFEC342C}.Debug|x86.Build.0 = Debug|Any CPU
		{A5FE9F7B-4075-43C5-892B-01E2CFEC342C}.Release|Any CPU.ActiveCfg = Release|Any CPU
		{A5FE9F7B-4075-43C5-892B-01E2CFEC342C}.Release|Any CPU.Build.0 = Release|Any CPU
		{A5FE9F7B-4075-43C5-892B-01E2CFEC342C}.Release|x86.ActiveCfg = Release|Any CPU
		{A5FE9F7B-4075-43C5-892B-01E2CFEC342C}.Release|x86.Build.0 = Release|Any CPU
		{F034477E-6111-43D0-9D39-5197AD313D27}.Debug|Any CPU.ActiveCfg = Debug|Any CPU
		{F034477E-6111-43D0-9D39-5197AD313D27}.Debug|Any CPU.Build.0 = Debug|Any CPU
		{F034477E-6111-43D0-9D39-5197AD313D27}.Debug|x86.ActiveCfg = Debug|Any CPU
		{F034477E-6111-43D0-9D39-5197AD313D27}.Debug|x86.Build.0 = Debug|Any CPU
		{F034477E-6111-43D0-9D39-5197AD313D27}.Release|Any CPU.ActiveCfg = Release|Any CPU
		{F034477E-6111-43D0-9D39-5197AD313D27}.Release|Any CPU.Build.0 = Release|Any CPU
		{F034477E-6111-43D0-9D39-5197AD313D27}.Release|x86.ActiveCfg = Release|Any CPU
		{F034477E-6111-43D0-9D39-5197AD313D27}.Release|x86.Build.0 = Release|Any CPU
		{530FB780-9FDF-4864-A96C-A0B7C602EBA3}.Debug|Any CPU.ActiveCfg = Debug|Any CPU
		{530FB780-9FDF-4864-A96C-A0B7C602EBA3}.Debug|Any CPU.Build.0 = Debug|Any CPU
		{530FB780-9FDF-4864-A96C-A0B7C602EBA3}.Debug|x86.ActiveCfg = Debug|Any CPU
		{530FB780-9FDF-4864-A96C-A0B7C602EBA3}.Debug|x86.Build.0 = Debug|Any CPU
		{530FB780-9FDF-4864-A96C-A0B7C602EBA3}.Release|Any CPU.ActiveCfg = Release|Any CPU
		{530FB780-9FDF-4864-A96C-A0B7C602EBA3}.Release|Any CPU.Build.0 = Release|Any CPU
		{530FB780-9FDF-4864-A96C-A0B7C602EBA3}.Release|x86.ActiveCfg = Release|Any CPU
		{530FB780-9FDF-4864-A96C-A0B7C602EBA3}.Release|x86.Build.0 = Release|Any CPU
		{7125C8A1-E7AC-4CEA-821B-5E4078E41D39}.Debug|Any CPU.ActiveCfg = Debug|Any CPU
		{7125C8A1-E7AC-4CEA-821B-5E4078E41D39}.Debug|Any CPU.Build.0 = Debug|Any CPU
		{7125C8A1-E7AC-4CEA-821B-5E4078E41D39}.Debug|x86.ActiveCfg = Debug|Any CPU
		{7125C8A1-E7AC-4CEA-821B-5E4078E41D39}.Debug|x86.Build.0 = Debug|Any CPU
		{7125C8A1-E7AC-4CEA-821B-5E4078E41D39}.Release|Any CPU.ActiveCfg = Release|Any CPU
		{7125C8A1-E7AC-4CEA-821B-5E4078E41D39}.Release|Any CPU.Build.0 = Release|Any CPU
		{7125C8A1-E7AC-4CEA-821B-5E4078E41D39}.Release|x86.ActiveCfg = Release|Any CPU
		{7125C8A1-E7AC-4CEA-821B-5E4078E41D39}.Release|x86.Build.0 = Release|Any CPU
		{43140447-EDBA-4692-97B5-81D465E66F1F}.Debug|Any CPU.ActiveCfg = Debug|Any CPU
		{43140447-EDBA-4692-97B5-81D465E66F1F}.Debug|Any CPU.Build.0 = Debug|Any CPU
		{43140447-EDBA-4692-97B5-81D465E66F1F}.Debug|x86.ActiveCfg = Debug|Any CPU
		{43140447-EDBA-4692-97B5-81D465E66F1F}.Debug|x86.Build.0 = Debug|Any CPU
		{43140447-EDBA-4692-97B5-81D465E66F1F}.Release|Any CPU.ActiveCfg = Release|Any CPU
		{43140447-EDBA-4692-97B5-81D465E66F1F}.Release|Any CPU.Build.0 = Release|Any CPU
		{43140447-EDBA-4692-97B5-81D465E66F1F}.Release|x86.ActiveCfg = Release|Any CPU
		{43140447-EDBA-4692-97B5-81D465E66F1F}.Release|x86.Build.0 = Release|Any CPU
		{6492150A-4845-4B40-A8CA-15E950E0B55D}.Debug|Any CPU.ActiveCfg = Debug|Any CPU
		{6492150A-4845-4B40-A8CA-15E950E0B55D}.Debug|Any CPU.Build.0 = Debug|Any CPU
		{6492150A-4845-4B40-A8CA-15E950E0B55D}.Debug|x86.ActiveCfg = Debug|Any CPU
		{6492150A-4845-4B40-A8CA-15E950E0B55D}.Debug|x86.Build.0 = Debug|Any CPU
		{6492150A-4845-4B40-A8CA-15E950E0B55D}.Release|Any CPU.ActiveCfg = Release|Any CPU
		{6492150A-4845-4B40-A8CA-15E950E0B55D}.Release|Any CPU.Build.0 = Release|Any CPU
		{6492150A-4845-4B40-A8CA-15E950E0B55D}.Release|x86.ActiveCfg = Release|Any CPU
		{6492150A-4845-4B40-A8CA-15E950E0B55D}.Release|x86.Build.0 = Release|Any CPU
		{4A2C9660-25B6-4D09-BAF6-CD80011669DE}.Debug|Any CPU.ActiveCfg = Debug|Any CPU
		{4A2C9660-25B6-4D09-BAF6-CD80011669DE}.Debug|Any CPU.Build.0 = Debug|Any CPU
		{4A2C9660-25B6-4D09-BAF6-CD80011669DE}.Debug|x86.ActiveCfg = Debug|Any CPU
		{4A2C9660-25B6-4D09-BAF6-CD80011669DE}.Debug|x86.Build.0 = Debug|Any CPU
		{4A2C9660-25B6-4D09-BAF6-CD80011669DE}.Release|Any CPU.ActiveCfg = Release|Any CPU
		{4A2C9660-25B6-4D09-BAF6-CD80011669DE}.Release|Any CPU.Build.0 = Release|Any CPU
		{4A2C9660-25B6-4D09-BAF6-CD80011669DE}.Release|x86.ActiveCfg = Release|Any CPU
		{4A2C9660-25B6-4D09-BAF6-CD80011669DE}.Release|x86.Build.0 = Release|Any CPU
		{3039CF79-E206-4E57-AB4B-80E55961553E}.Debug|Any CPU.ActiveCfg = Debug|Any CPU
		{3039CF79-E206-4E57-AB4B-80E55961553E}.Debug|Any CPU.Build.0 = Debug|Any CPU
		{3039CF79-E206-4E57-AB4B-80E55961553E}.Debug|x86.ActiveCfg = Debug|Any CPU
		{3039CF79-E206-4E57-AB4B-80E55961553E}.Debug|x86.Build.0 = Debug|Any CPU
		{3039CF79-E206-4E57-AB4B-80E55961553E}.Release|Any CPU.ActiveCfg = Release|Any CPU
		{3039CF79-E206-4E57-AB4B-80E55961553E}.Release|Any CPU.Build.0 = Release|Any CPU
		{3039CF79-E206-4E57-AB4B-80E55961553E}.Release|x86.ActiveCfg = Release|Any CPU
		{3039CF79-E206-4E57-AB4B-80E55961553E}.Release|x86.Build.0 = Release|Any CPU
		{5CACE48F-7C22-4325-99E6-00B62C926EE3}.Debug|Any CPU.ActiveCfg = Debug|Any CPU
		{5CACE48F-7C22-4325-99E6-00B62C926EE3}.Debug|Any CPU.Build.0 = Debug|Any CPU
		{5CACE48F-7C22-4325-99E6-00B62C926EE3}.Debug|x86.ActiveCfg = Debug|Any CPU
		{5CACE48F-7C22-4325-99E6-00B62C926EE3}.Debug|x86.Build.0 = Debug|Any CPU
		{5CACE48F-7C22-4325-99E6-00B62C926EE3}.Release|Any CPU.ActiveCfg = Release|Any CPU
		{5CACE48F-7C22-4325-99E6-00B62C926EE3}.Release|Any CPU.Build.0 = Release|Any CPU
		{5CACE48F-7C22-4325-99E6-00B62C926EE3}.Release|x86.ActiveCfg = Release|Any CPU
		{5CACE48F-7C22-4325-99E6-00B62C926EE3}.Release|x86.Build.0 = Release|Any CPU
		{11B3FDCF-D55F-4501-A5DC-705D6FDC9C87}.Debug|Any CPU.ActiveCfg = Debug|Any CPU
		{11B3FDCF-D55F-4501-A5DC-705D6FDC9C87}.Debug|Any CPU.Build.0 = Debug|Any CPU
		{11B3FDCF-D55F-4501-A5DC-705D6FDC9C87}.Debug|x86.ActiveCfg = Debug|Any CPU
		{11B3FDCF-D55F-4501-A5DC-705D6FDC9C87}.Debug|x86.Build.0 = Debug|Any CPU
		{11B3FDCF-D55F-4501-A5DC-705D6FDC9C87}.Release|Any CPU.ActiveCfg = Release|Any CPU
		{11B3FDCF-D55F-4501-A5DC-705D6FDC9C87}.Release|Any CPU.Build.0 = Release|Any CPU
		{11B3FDCF-D55F-4501-A5DC-705D6FDC9C87}.Release|x86.ActiveCfg = Release|Any CPU
		{11B3FDCF-D55F-4501-A5DC-705D6FDC9C87}.Release|x86.Build.0 = Release|Any CPU
		{A896A08E-8B4F-432D-BF05-1806FACF387E}.Debug|Any CPU.ActiveCfg = Debug|Any CPU
		{A896A08E-8B4F-432D-BF05-1806FACF387E}.Debug|Any CPU.Build.0 = Debug|Any CPU
		{A896A08E-8B4F-432D-BF05-1806FACF387E}.Debug|x86.ActiveCfg = Debug|Any CPU
		{A896A08E-8B4F-432D-BF05-1806FACF387E}.Debug|x86.Build.0 = Debug|Any CPU
		{A896A08E-8B4F-432D-BF05-1806FACF387E}.Release|Any CPU.ActiveCfg = Release|Any CPU
		{A896A08E-8B4F-432D-BF05-1806FACF387E}.Release|Any CPU.Build.0 = Release|Any CPU
		{A896A08E-8B4F-432D-BF05-1806FACF387E}.Release|x86.ActiveCfg = Release|Any CPU
		{A896A08E-8B4F-432D-BF05-1806FACF387E}.Release|x86.Build.0 = Release|Any CPU
		{74050388-F6C4-4E0A-BA5C-ADB0BD403C95}.Debug|Any CPU.ActiveCfg = Debug|Any CPU
		{74050388-F6C4-4E0A-BA5C-ADB0BD403C95}.Debug|Any CPU.Build.0 = Debug|Any CPU
		{74050388-F6C4-4E0A-BA5C-ADB0BD403C95}.Debug|x86.ActiveCfg = Debug|Any CPU
		{74050388-F6C4-4E0A-BA5C-ADB0BD403C95}.Debug|x86.Build.0 = Debug|Any CPU
		{74050388-F6C4-4E0A-BA5C-ADB0BD403C95}.Release|Any CPU.ActiveCfg = Release|Any CPU
		{74050388-F6C4-4E0A-BA5C-ADB0BD403C95}.Release|Any CPU.Build.0 = Release|Any CPU
		{74050388-F6C4-4E0A-BA5C-ADB0BD403C95}.Release|x86.ActiveCfg = Release|Any CPU
		{74050388-F6C4-4E0A-BA5C-ADB0BD403C95}.Release|x86.Build.0 = Release|Any CPU
		{295B624E-4223-443A-A361-89E29177F53E}.Debug|Any CPU.ActiveCfg = Debug|Any CPU
		{295B624E-4223-443A-A361-89E29177F53E}.Debug|Any CPU.Build.0 = Debug|Any CPU
		{295B624E-4223-443A-A361-89E29177F53E}.Debug|x86.ActiveCfg = Debug|Any CPU
		{295B624E-4223-443A-A361-89E29177F53E}.Debug|x86.Build.0 = Debug|Any CPU
		{295B624E-4223-443A-A361-89E29177F53E}.Release|Any CPU.ActiveCfg = Release|Any CPU
		{295B624E-4223-443A-A361-89E29177F53E}.Release|Any CPU.Build.0 = Release|Any CPU
		{295B624E-4223-443A-A361-89E29177F53E}.Release|x86.ActiveCfg = Release|Any CPU
		{295B624E-4223-443A-A361-89E29177F53E}.Release|x86.Build.0 = Release|Any CPU
		{BD2147C1-3908-4D98-AA38-9CF8F1675909}.Debug|Any CPU.ActiveCfg = Debug|Any CPU
		{BD2147C1-3908-4D98-AA38-9CF8F1675909}.Debug|Any CPU.Build.0 = Debug|Any CPU
		{BD2147C1-3908-4D98-AA38-9CF8F1675909}.Debug|x86.ActiveCfg = Debug|Any CPU
		{BD2147C1-3908-4D98-AA38-9CF8F1675909}.Debug|x86.Build.0 = Debug|Any CPU
		{BD2147C1-3908-4D98-AA38-9CF8F1675909}.Release|Any CPU.ActiveCfg = Release|Any CPU
		{BD2147C1-3908-4D98-AA38-9CF8F1675909}.Release|Any CPU.Build.0 = Release|Any CPU
		{BD2147C1-3908-4D98-AA38-9CF8F1675909}.Release|x86.ActiveCfg = Release|Any CPU
		{BD2147C1-3908-4D98-AA38-9CF8F1675909}.Release|x86.Build.0 = Release|Any CPU
	EndGlobalSection
	GlobalSection(SolutionProperties) = preSolution
		HideSolutionNode = FALSE
	EndGlobalSection
	GlobalSection(ExtensibilityGlobals) = postSolution
		SolutionGuid = {C1240457-262B-4419-B7CC-1F5E337B5336}
	EndGlobalSection
EndGlobal
